
Microsoft Visual Studio Solution File, Format Version 12.00
# Visual Studio Version 16
VisualStudioVersion = 16.0.30804.86
MinimumVisualStudioVersion = 10.0.40219.1
Project("{888888A0-9F3D-457C-B088-3A5042F75D52}") = "LaunchVehicleDesign", "LaunchVehicleDesign.pyproj", "{68520EAB-1FF3-4746-B10D-8E4C2C5E3B4B}"
EndProject
Global
	GlobalSection(SolutionConfigurationPlatforms) = preSolution
		Debug|Any CPU = Debug|Any CPU
		Release|Any CPU = Release|Any CPU
	EndGlobalSection
	GlobalSection(ProjectConfigurationPlatforms) = postSolution
		{68520EAB-1FF3-4746-B10D-8E4C2C5E3B4B}.Debug|Any CPU.ActiveCfg = Debug|Any CPU
		{68520EAB-1FF3-4746-B10D-8E4C2C5E3B4B}.Release|Any CPU.ActiveCfg = Release|Any CPU
	EndGlobalSection
	GlobalSection(SolutionProperties) = preSolution
		HideSolutionNode = FALSE
	EndGlobalSection
	GlobalSection(ExtensibilityGlobals) = postSolution
		SolutionGuid = {CBC89B86-22C0-47FF-BF89-180DD1D7052B}
	EndGlobalSection
EndGlobal
